github.com/a-h/templ v0.2.408 h1:WmXdjVjxjMJyjRg+34cgg+hRC0duDg9OJy6euZbS4ek=
github.com/a-h/templ v0.2.408/go.mod h1:6Lfhsl3Z4/vXl7jjEjkJRCqoWDGjDnuKgzjYMDSddas=
golang.org/x/net v0.17.0 h1:pVaXccu2ozPjCXewfr1S7xza/zcXTity9cCdXQYSjIM=
golang.org/x/net v0.17.0/go.mod h1:NxSsAGuq816PNPmqtQdLE42eU2Fs7NoRIZrHJAlaCOE=
